
Microsoft Visual Studio Solution File, Format Version 12.00
# Visual Studio Version 17
VisualStudioVersion = 17.9.34622.214
MinimumVisualStudioVersion = 10.0.40219.1
Project("{00D1A9C2-B5F0-4AF3-8072-F6C62B433612}") = "Demodb", "Demodb.sqlproj", "{7B692B74-DD00-402C-B714-C1F1A5E9EB42}"
EndProject
Global
	GlobalSection(SolutionConfigurationPlatforms) = preSolution
		Debug|Any CPU = Debug|Any CPU
		Release|Any CPU = Release|Any CPU
	EndGlobalSection
	GlobalSection(ProjectConfigurationPlatforms) = postSolution
		{7B692B74-DD00-402C-B714-C1F1A5E9EB42}.Debug|Any CPU.ActiveCfg = Debug|Any CPU
		{7B692B74-DD00-402C-B714-C1F1A5E9EB42}.Debug|Any CPU.Build.0 = Debug|Any CPU
		{7B692B74-DD00-402C-B714-C1F1A5E9EB42}.Debug|Any CPU.Deploy.0 = Debug|Any CPU
		{7B692B74-DD00-402C-B714-C1F1A5E9EB42}.Release|Any CPU.ActiveCfg = Release|Any CPU
		{7B692B74-DD00-402C-B714-C1F1A5E9EB42}.Release|Any CPU.Build.0 = Release|Any CPU
		{7B692B74-DD00-402C-B714-C1F1A5E9EB42}.Release|Any CPU.Deploy.0 = Release|Any CPU
	EndGlobalSection
	GlobalSection(SolutionProperties) = preSolution
		HideSolutionNode = FALSE
	EndGlobalSection
	GlobalSection(ExtensibilityGlobals) = postSolution
		SolutionGuid = {5C4AEAB5-1E1A-459A-9B9B-D525D6ECC8C4}
	EndGlobalSection
EndGlobal
